{
  "name": "work-board-client",
  "version": "0.0.0",
  "lockfileVersion": 3,
  "requires": true,
  "packages": {
    "": {
      "name": "work-board-client",
      "version": "0.0.0",
      "dependencies": {
        "@angular/animations": "^21.2.8",
        "@angular/cdk": "^21.2.6",
        "@angular/common": "^21.2.8",
        "@angular/compiler": "^21.2.8",
        "@angular/core": "^21.2.8",
        "@angular/forms": "^21.2.8",
        "@angular/material": "^21.2.6",
        "@angular/platform-browser": "^21.2.8",
        "@angular/platform-browser-dynamic": "^21.2.8",
        "@angular/router": "^21.2.8",
        "@fullcalendar/angular": "^6.1.20",
        "@fullcalendar/core": "^6.1.20",
        "@fullcalendar/daygrid": "^6.1.20",
        "@fullcalendar/interaction": "^6.1.20",
        "@fullcalendar/timegrid": "^6.1.20",
        "bootstrap": "^4.6.2",
        "bootstrap-icons": "^1.11.3",
        "date-fns": "^3.6.0",
        "jquery": "^3.7.1",
        "ngx-cookie-service": "^20.1.1",
        "rxjs": "~7.8.0",
        "tslib": "^2.3.0",
        "zone.js": "^0.15.1"
      },
      "devDependencies": {
        "@angular-devkit/build-angular": "^21.2.7",
        "@angular/cli": "^21.2.7",
        "@angular/compiler-cli": "^21.2.8",
        "@types/jasmine": "~4.3.0",
        "jasmine-core": "~4.6.0",
        "karma": "~6.4.0",
        "karma-chrome-launcher": "~3.2.0",
        "karma-coverage": "~2.2.0",
        "karma-jasmine": "~5.1.0",
        "karma-jasmine-html-reporter": "~2.1.0",
        "typescript": "^5.9.3"
      }
    },
    "node_modules/@algolia/abtesting": {
      "version": "1.14.1",
      "resolved": "https://registry.npmjs.org/@algolia/abtesting/-/abtesting-1.14.1.tgz",
      "integrity": "sha512-Dkj0BgPiLAaim9sbQ97UKDFHJE/880wgStAM18U++NaJ/2Cws34J5731ovJifr6E3Pv4T2CqvMXf8qLCC417Ew==",
      "dev": true,
      "license": "MIT",
      "dependencies": {
        "@algolia/client-common": "5.48.1",
        "@algolia/requester-browser-xhr": "5.48.1",
        "@algolia/requester-fetch": "5.48.1",
        "@algolia/requester-node-http": "5.48.1"
      },
      "engines": {
        "node": ">= 14.0.0"
      }
    },
    "node_modules/@algolia/client-abtesting": {
      "version": "5.48.1",
      "resolved": "https://registry.npmjs.org/@algolia/client-abtesting/-/client-abtesting-5.48.1.tgz",
      "integrity": "sha512-LV5qCJdj+/m9I+Aj91o+glYszrzd7CX6NgKaYdTOj4+tUYfbS62pwYgUfZprYNayhkQpVFcrW8x8ZlIHpS23Vw==",
      "dev": true,
      "license": "MIT",
      "dependencies": {
        "@algolia/client-common": "5.48.1",
        "@algolia/requester-browser-xhr": "5.48.1",
        "@algolia/requester-fetch": "5.48.1",
        "@algolia/requester-node-http": "5.48.1"
      },
      "engines": {
        "node": ">= 14.0.0"
      }
    },
    "node_modules/@algolia/client-analytics": {
      "version": "5.48.1",
      "resolved": "https://registry.npmjs.org/@algolia/client-analytics/-/client-analytics-5.48.1.tgz",
      "integrity": "sha512-/AVoMqHhPm14CcHq7mwB+bUJbfCv+jrxlNvRjXAuO+TQa+V37N8k1b0ijaRBPdmSjULMd8KtJbQyUyabXOu6Kg==",
      "dev": true,
      "license": "MIT",
      "dependencies": {
        "@algolia/client-common": "5.48.1",
        "@algolia/requester-browser-xhr": "5.48.1",
        "@algolia/requester-fetch": "5.48.1",
        "@algolia/requester-node-http": "5.48.1"
      },
      "engines": {
        "node": ">= 14.0.0"
      }
    },
    "node_modules/@algolia/client-common": {
      "version": "5.48.1",
      "resolved": "https://registry.npmjs.org/@algolia/client-common/-/client-common-5.48.1.tgz",
      "integrity": "sha512-VXO+qu2Ep6ota28ktvBm3sG53wUHS2n7bgLWmce5jTskdlCD0/JrV4tnBm1l7qpla1CeoQb8D7ShFhad+UoSOw==",
      "dev": true,
      "license": "MIT",
      "engines": {
        "node": ">= 14.0.0"
      }
    },
    "node_modules/@algolia/client-insights": {
      "version": "5.48.1",
      "resolved": "https://registry.npmjs.org/@algolia/client-insights/-/client-insights-5.48.1.tgz",
      "integrity": "sha512-zl+Qyb0nLg+Y5YvKp1Ij+u9OaPaKg2/EPzTwKNiVyOHnQJlFxmXyUZL1EInczAZsEY8hVpPCLtNfhMhfxluXKQ==",
      "dev": true,
      "license": "MIT",
      "dependencies": {
        "@algolia/client-common": "5.48.1",
        "@algolia/requester-browser-xhr": "5.48.1",
        "@algolia/requester-fetch": "5.48.1",
        "@algolia/requester-node-http": "5.48.1"
      },
      "engines": {
        "node": ">= 14.0.0"
      }
    },
    "node_modules/@algolia/client-personalization": {
      "version": "5.48.1",
      "resolved": "https://registry.npmjs.org/@algolia/client-personalization/-/client-personalization-5.48.1.tgz",
      "integrity": "sha512-r89Qf9Oo9mKWQXumRu/1LtvVJAmEDpn8mHZMc485pRfQUMAwSSrsnaw1tQ3sszqzEgAr1c7rw6fjBI+zrAXTOw==",
      "dev": true,
      "license": "MIT",
      "dependencies": {
        "@algolia/client-common": "5.48.1",
        "@algolia/requester-browser-xhr": "5.48.1",
        "@algolia/requester-fetch": "5.48.1",
        "@algolia/requester-node-http": "5.48.1"
      },
      "engines": {
        "node": ">= 14.0.0"
      }
    },
    "node_modules/@algolia/client-query-suggestions": {
      "version": "5.48.1",
      "resolved": "https://registry.npmjs.org/@algolia/client-query-suggestions/-/client-query-suggestions-5.48.1.tgz",
      "integrity": "sha512-TPKNPKfghKG/bMSc7mQYD9HxHRUkBZA4q1PEmHgICaSeHQscGqL4wBrKkhfPlDV1uYBKW02pbFMUhsOt7p4ZpA==",
      "dev": true,
      "license": "MIT",
      "dependencies": {
        "@algolia/client-common": "5.48.1",
        "@algolia/requester-browser-xhr": "5.48.1",
        "@algolia/requester-fetch": "5.48.1",
        "@algolia/requester-node-http": "5.48.1"
      },
      "engines": {
        "node": ">= 14.0.0"
      }
    },
    "node_modules/@algolia/client-search": {
      "version": "5.48.1",
      "resolved": "https://registry.npmjs.org/@algolia/client-search/-/client-search-5.48.1.tgz",
      "integrity": "sha512-4Fu7dnzQyQmMFknYwTiN/HxPbH4DyxvQ1m+IxpPp5oslOgz8m6PG5qhiGbqJzH4HiT1I58ecDiCAC716UyVA8Q==",
      "dev": true,
      "license": "MIT",
      "dependencies": {
        "@algolia/client-common": "5.48.1",
        "@algolia/requester-browser-xhr": "5.48.1",
        "@algolia/requester-fetch": "5.48.1",
        "@algolia/requester-node-http": "5.48.1"
      },
      "engines": {
        "node": ">= 14.0.0"
      }
    },
    "node_modules/@algolia/ingestion": {
      "version": "1.48.1",
      "resolved": "https://registry.npmjs.org/@algolia/ingestion/-/ingestion-1.48.1.tgz",
      "integrity": "sha512-/RFq3TqtXDUUawwic/A9xylA2P3LDMO8dNhphHAUOU51b1ZLHrmZ6YYJm3df1APz7xLY1aht6okCQf+/vmrV9w==",
      "dev": true,
      "license": "MIT",
      "dependencies": {
        "@algolia/client-common": "5.48.1",
        "@algolia/requester-browser-xhr": "5.48.1",
        "@algolia/requester-fetch": "5.48.1",
        "@algolia/requester-node-http": "5.48.1"
      },
      "engines": {
        "node": ">= 14.0.0"
      }
    },
    "node_modules/@algolia/monitoring": {
      "version": "1.48.1",
      "resolved": "https://registry.npmjs.org/@algolia/monitoring/-/monitoring-1.48.1.tgz",
      "integrity": "sha512-Of0jTeAZRyRhC7XzDSjJef0aBkgRcvRAaw0ooYRlOw57APii7lZdq+layuNdeL72BRq1snaJhoMMwkmLIpJScw==",
      "dev": true,
      "license": "MIT",
      "dependencies": {
        "@algolia/client-common": "5.48.1",
        "@algolia/requester-browser-xhr": "5.48.1",
        "@algolia/requester-fetch": "5.48.1",
        "@algolia/requester-node-http": "5.48.1"
      },
      "engines": {
        "node": ">= 14.0.0"
      }
    },
