{
  "name": "work-board-client",
  "version": "0.0.0",
  "lockfileVersion": 3,
  "requires": true,
  "packages": {
    "": {
      "name": "work-board-client",
      "version": "0.0.0",
      "dependencies": {
        "@angular/animations": "^21.2.8",
        "@angular/cdk": "^21.2.6",
        "@angular/common": "^21.2.8",
        "@angular/compiler": "^21.2.8",
        "@angular/core": "^21.2.8",
        "@angular/forms": "^21.2.8",
        "@angular/material": "^21.2.6",
        "@angular/platform-browser": "^21.2.8",
        "@angular/platform-browser-dynamic": "^21.2.8",
        "@angular/router": "^21.2.8",
        "@fullcalendar/angular": "^6.1.20",
        "@fullcalendar/core": "^6.1.20",
        "@fullcalendar/daygrid": "^6.1.20",
        "@fullcalendar/interaction": "^6.1.20",
        "@fullcalendar/timegrid": "^6.1.20",
        "bootstrap": "^4.6.2",
        "bootstrap-icons": "^1.11.3",
        "date-fns": "^3.6.0",
        "jquery": "^3.7.1",
        "ngx-cookie-service": "^20.1.1",
        "rxjs": "~7.8.0",
        "tslib": "^2.3.0",
        "zone.js": "^0.15.1"
      },
      "devDependencies": {
        "@angular-devkit/build-angular": "^21.2.7",
        "@angular/cli": "^21.2.7",
        "@angular/compiler-cli": "^21.2.8",
        "@types/jasmine": "~4.3.0",
        "jasmine-core": "~4.6.0",
        "karma": "~6.4.0",
        "karma-chrome-launcher": "~3.2.0",
        "karma-coverage": "~2.2.0",
        "karma-jasmine": "~5.1.0",
        "karma-jasmine-html-reporter": "~2.1.0",
        "typescript": "^5.9.3"
      }
    },
    "node_modules/@algolia/abtesting": {
      "version": "1.14.1",
      "resolved": "https://registry.npmjs.org/@algolia/abtesting/-/abtesting-1.14.1.tgz",
      "integrity": "sha512-Dkj0BgPiLAaim9sbQ97UKDFHJE/880wgStAM18U++NaJ/2Cws34J5731ovJifr6E3Pv4T2CqvMXf8qLCC417Ew==",
      "dev": true,
      "license": "MIT",
      "dependencies": {
        "@algolia/client-common": "5.48.1",
        "@algolia/requester-browser-xhr": "5.48.1",
        "@algolia/requester-fetch": "5.48.1",
        "@algolia/requester-node-http": "5.48.1"
      },
      "engines": {
        "node": ">= 14.0.0"
      }
    },
    "node_modules/@algolia/client-abtesting": {
      "version": "5.48.1",
      "resolved": "https://registry.npmjs.org/@algolia/client-abtesting/-/client-abtesting-5.48.1.tgz",
      "integrity": "sha512-LV5qCJdj+/m9I+Aj91o+glYszrzd7CX6NgKaYdTOj4+tUYfbS62pwYgUfZprYNayhkQpVFcrW8x8ZlIHpS23Vw==",
      "dev": true,
      "license": "MIT",
      "dependencies": {
        "@algolia/client-common": "5.48.1",
        "@algolia/requester-browser-xhr": "5.48.1",
        "@algolia/requester-fetch": "5.48.1",
        "@algolia/requester-node-http": "5.48.1"
      },
      "engines": {
        "node": ">= 14.0.0"
      }
    },
    "node_modules/@algolia/client-analytics": {
      "version": "5.48.1",
      "resolved": "https://registry.npmjs.org/@algolia/client-analytics/-/client-analytics-5.48.1.tgz",
      "integrity": "sha512-/AVoMqHhPm14CcHq7mwB+bUJbfCv+jrxlNvRjXAuO+TQa+V37N8k1b0ijaRBPdmSjULMd8KtJbQyUyabXOu6Kg==",
      "dev": true,
      "license": "MIT",
      "dependencies": {
        "@algolia/client-common": "5.48.1",
        "@algolia/requester-browser-xhr": "5.48.1",
        "@algolia/requester-fetch": "5.48.1",
        "@algolia/requester-node-http": "5.48.1"
      },
      "engines": {
        "node": ">= 14.0.0"
      }
    },
    "node_modules/@algolia/client-common": {
      "version": "5.48.1",
      "resolved": "https://registry.npmjs.org/@algolia/client-common/-/client-common-5.48.1.tgz",
      "integrity": "sha512-VXO+qu2Ep6ota28ktvBm3sG53wUHS2n7bgLWmce5jTskdlCD0/JrV4tnBm1l7qpla1CeoQb8D7ShFhad+UoSOw==",
      "dev": true,
      "license": "MIT",
      "engines": {
        "node": ">= 14.0.0"
      }
    },
    "node_modules/@algolia/client-insights": {
      "version": "5.48.1",
      "resolved": "https://registry.npmjs.org/@algolia/client-insights/-/client-insights-5.48.1.tgz",
      "integrity": "sha512-zl+Qyb0nLg+Y5YvKp1Ij+u9OaPaKg2/EPzTwKNiVyOHnQJlFxmXyUZL1EInczAZsEY8hVpPCLtNfhMhfxluXKQ==",
      "dev": true,
      "license": "MIT",
      "dependencies": {
        "@algolia/client-common": "5.48.1",
        "@algolia/requester-browser-xhr": "5.48.1",
        "@algolia/requester-fetch": "5.48.1",
        "@algolia/requester-node-http": "5.48.1"
      },
      "engines": {
        "node": ">= 14.0.0"
      }
    },
    "node_modules/@algolia/client-personalization": {
      "version": "5.48.1",
      "resolved": "https://registry.npmjs.org/@algolia/client-personalization/-/client-personalization-5.48.1.tgz",
      "integrity": "sha512-r89Qf9Oo9mKWQXumRu/1LtvVJAmEDpn8mHZMc485pRfQUMAwSSrsnaw1tQ3sszqzEgAr1c7rw6fjBI+zrAXTOw==",
      "dev": true,
      "license": "MIT",
      "dependencies": {
        "@algolia/client-common": "5.48.1",
        "@algolia/requester-browser-xhr": "5.48.1",
        "@algolia/requester-fetch": "5.48.1",
        "@algolia/requester-node-http": "5.48.1"
      },
      "engines": {
        "node": ">= 14.0.0"
      }
    },
    "node_modules/@algolia/client-query-suggestions": {
      "version": "5.48.1",
      "resolved": "https://registry.npmjs.org/@algolia/client-query-suggestions/-/client-query-suggestions-5.48.1.tgz",
      "integrity": "sha512-TPKNPKfghKG/bMSc7mQYD9HxHRUkBZA4q1PEmHgICaSeHQscGqL4wBrKkhfPlDV1uYBKW02pbFMUhsOt7p4ZpA==",
      "dev": true,
      "license": "MIT",
      "dependencies": {
        "@algolia/client-common": "5.48.1",
        "@algolia/requester-browser-xhr": "5.48.1",
        "@algolia/requester-fetch": "5.48.1",
        "@algolia/requester-node-http": "5.48.1"
      },
      "engines": {
        "node": ">= 14.0.0"
      }
    },
    "node_modules/@algolia/client-search": {
      "version": "5.48.1",
      "resolved": "https://registry.npmjs.org/@algolia/client-search/-/client-search-5.48.1.tgz",
      "integrity": "sha512-4Fu7dnzQyQmMFknYwTiN/HxPbH4DyxvQ1m+IxpPp5oslOgz8m6PG5qhiGbqJzH4HiT1I58ecDiCAC716UyVA8Q==",
      "dev": true,
      "license": "MIT",
      "dependencies": {
        "@algolia/client-common": "5.48.1",
        "@algolia/requester-browser-xhr": "5.48.1",
        "@algolia/requester-fetch": "5.48.1",
        "@algolia/requester-node-http": "5.48.1"
      },
      "engines": {
        "node": ">= 14.0.0"
      }
    },
    "node_modules/@algolia/ingestion": {
      "version": "1.48.1",
      "resolved": "https://registry.npmjs.org/@algolia/ingestion/-/ingestion-1.48.1.tgz",
      "integrity": "sha512-/RFq3TqtXDUUawwic/A9xylA2P3LDMO8dNhphHAUOU51b1ZLHrmZ6YYJm3df1APz7xLY1aht6okCQf+/vmrV9w==",
      "dev": true,
      "license": "MIT",
      "dependencies": {
        "@algolia/client-common": "5.48.1",
        "@algolia/requester-browser-xhr": "5.48.1",
        "@algolia/requester-fetch": "5.48.1",
        "@algolia/requester-node-http": "5.48.1"
      },
      "engines": {
        "node": ">= 14.0.0"
      }
    },
    "node_modules/@algolia/monitoring": {
      "version": "1.48.1",
      "resolved": "https://registry.npmjs.org/@algolia/monitoring/-/monitoring-1.48.1.tgz",
      "integrity": "sha512-Of0jTeAZRyRhC7XzDSjJef0aBkgRcvRAaw0ooYRlOw57APii7lZdq+layuNdeL72BRq1snaJhoMMwkmLIpJScw==",
      "dev": true,
      "license": "MIT",
      "dependencies": {
        "@algolia/client-common": "5.48.1",
        "@algolia/requester-browser-xhr": "5.48.1",
        "@algolia/requester-fetch": "5.48.1",
        "@algolia/requester-node-http": "5.48.1"
      },
      "engines": {
        "node": ">= 14.0.0"
      }
    },
    "node_modules/@algolia/recommend": {
      "version": "5.48.1",
      "resolved": "https://registry.npmjs.org/@algolia/recommend/-/recommend-5.48.1.tgz",
      "integrity": "sha512-bE7JcpFXzxF5zHwj/vkl2eiCBvyR1zQ7aoUdO+GDXxGp0DGw7nI0p8Xj6u8VmRQ+RDuPcICFQcCwRIJT5tDJFw==",
      "dev": true,
      "license": "MIT",
      "dependencies": {
        "@algolia/client-common": "5.48.1",
        "@algolia/requester-browser-xhr": "5.48.1",
        "@algolia/requester-fetch": "5.48.1",
        "@algolia/requester-node-http": "5.48.1"
      },
      "engines": {
        "node": ">= 14.0.0"
      }
    },
    "node_modules/@algolia/requester-browser-xhr": {
      "version": "5.48.1",
      "resolved": "https://registry.npmjs.org/@algolia/requester-browser-xhr/-/requester-browser-xhr-5.48.1.tgz",
      "integrity": "sha512-MK3wZ2koLDnvH/AmqIF1EKbJlhRS5j74OZGkLpxI4rYvNi9Jn/C7vb5DytBnQ4KUWts7QsmbdwHkxY5txQHXVw==",
      "dev": true,
      "license": "MIT",
      "dependencies": {
        "@algolia/client-common": "5.48.1"
      },
      "engines": {
        "node": ">= 14.0.0"
      }
    },
    "node_modules/@algolia/requester-fetch": {
      "version": "5.48.1",
      "resolved": "https://registry.npmjs.org/@algolia/requester-fetch/-/requester-fetch-5.48.1.tgz",
      "integrity": "sha512-2oDT43Y5HWRSIQMPQI4tA/W+TN/N2tjggZCUsqQV440kxzzoPGsvv9QP1GhQ4CoDa+yn6ygUsGp6Dr+a9sPPSg==",
      "dev": true,
      "license": "MIT",
      "dependencies": {
        "@algolia/client-common": "5.48.1"
      },
      "engines": {
        "node": ">= 14.0.0"
      }
    },
    "node_modules/@algolia/requester-node-http": {
      "version": "5.48.1",
      "resolved": "https://registry.npmjs.org/@algolia/requester-node-http/-/requester-node-http-5.48.1.tgz",
      "integrity": "sha512-xcaCqbhupVWhuBP1nwbk1XNvwrGljozutEiLx06mvqDf3o8cHyEgQSHS4fKJM+UAggaWVnnFW+Nne5aQ8SUJXg==",
      "dev": true,
      "license": "MIT",
      "dependencies": {
        "@algolia/client-common": "5.48.1"
      },
      "engines": {
        "node": ">= 14.0.0"
      }
    },
    "node_modules/@ampproject/remapping": {
      "version": "2.3.0",
      "resolved": "https://registry.npmjs.org/@ampproject/remapping/-/remapping-2.3.0.tgz",
      "integrity": "sha512-30iZtAPgz+LTIYoeivqYo853f02jBYSd5uGnGpkFV0M3xOt9aN73erkgYAmZU43x4VfqcnLxW9Kpg3R5LC4YYw==",
      "dev": true,
      "license": "Apache-2.0",
      "dependencies": {
        "@jridgewell/gen-mapping": "^0.3.5",
        "@jridgewell/trace-mapping": "^0.3.24"
      },
      "engines": {
        "node": ">=6.0.0"
      }
    },
    "node_modules/@angular-devkit/architect": {
      "version": "0.2102.7",
      "resolved": "https://registry.npmjs.org/@angular-devkit/architect/-/architect-0.2102.7.tgz",
      "integrity": "sha512-4K/5hln9iaPEt3F/NyYqncNLvYpzSjRslEkHl2xIgZwQsIFHEvhnDRBYj2/oatURQhBqO/Yu15z/icVOYLxuTg==",
      "dev": true,
      "license": "MIT",
      "dependencies": {
        "@angular-devkit/core": "21.2.7",
        "rxjs": "7.8.2"
      },
      "bin": {
        "architect": "bin/cli.js"
      },
      "engines": {
        "node": "^20.19.0 || ^22.12.0 || >=24.0.0",
        "npm": "^6.11.0 || ^7.5.6 || >=8.0.0",
        "yarn": ">= 1.13.0"
      }
    },
    "node_modules/@angular-devkit/build-angular": {
      "version": "21.2.7",
      "resolved": "https://registry.npmjs.org/@angular-devkit/build-angular/-/build-angular-21.2.7.tgz",
      "integrity": "sha512-MeAsrvTq3of5x2r5g3cFhWpcb/goHVC5/7BfE+AiWuwClqsgbVoD/HiSXkQ50g2P+JQJ3Qx/DR2cC01H+k6pjg==",
      "dev": true,
      "license": "MIT",
      "dependencies": {
        "@ampproject/remapping": "2.3.0",
        "@angular-devkit/architect": "0.2102.7",
        "@angular-devkit/build-webpack": "0.2102.7",
        "@angular-devkit/core": "21.2.7",
        "@angular/build": "21.2.7",
        "@babel/core": "7.29.0",
        "@babel/generator": "7.29.1",
        "@babel/helper-annotate-as-pure": "7.27.3",
        "@babel/helper-split-export-declaration": "7.24.7",
        "@babel/plugin-transform-async-generator-functions": "7.29.0",
        "@babel/plugin-transform-async-to-generator": "7.28.6",
        "@babel/plugin-transform-runtime": "7.29.0",
        "@babel/preset-env": "7.29.0",
        "@babel/runtime": "7.28.6",
        "@discoveryjs/json-ext": "0.6.3",
        "@ngtools/webpack": "21.2.7",
        "ansi-colors": "4.1.3",
        "autoprefixer": "10.4.27",
        "babel-loader": "10.0.0",
        "browserslist": "^4.26.0",
        "copy-webpack-plugin": "14.0.0",
        "css-loader": "7.1.3",
        "esbuild-wasm": "0.27.3",
        "http-proxy-middleware": "3.0.5",
        "istanbul-lib-instrument": "6.0.3",
        "jsonc-parser": "3.3.1",
        "karma-source-map-support": "1.4.0",
        "less": "4.4.2",
        "less-loader": "12.3.1",
        "license-webpack-plugin": "4.0.2",
        "loader-utils": "3.3.1",
        "mini-css-extract-plugin": "2.10.0",
        "open": "11.0.0",
        "ora": "9.3.0",
        "picomatch": "4.0.4",
        "piscina": "5.1.4",
        "postcss": "8.5.6",
        "postcss-loader": "8.2.0",
        "resolve-url-loader": "5.0.0",
        "rxjs": "7.8.2",
        "sass": "1.97.3",
        "sass-loader": "16.0.7",
        "semver": "7.7.4",
        "source-map-loader": "5.0.0",
        "source-map-support": "0.5.21",
        "terser": "5.46.0",
        "tinyglobby": "0.2.15",
        "tree-kill": "1.2.2",
        "tslib": "2.8.1",
        "webpack": "5.105.2",
        "webpack-dev-middleware": "7.4.5",
        "webpack-dev-server": "5.2.3",
        "webpack-merge": "6.0.1",
        "webpack-subresource-integrity": "5.1.0"
      },
      "engines": {
        "node": "^20.19.0 || ^22.12.0 || >=24.0.0",
        "npm": "^6.11.0 || ^7.5.6 || >=8.0.0",
        "yarn": ">= 1.13.0"
      },
      "optionalDependencies": {
        "esbuild": "0.27.3"
      },
      "peerDependencies": {
        "@angular/compiler-cli": "^21.0.0",
        "@angular/core": "^21.0.0",
        "@angular/localize": "^21.0.0",
        "@angular/platform-browser": "^21.0.0",
        "@angular/platform-server": "^21.0.0",
        "@angular/service-worker": "^21.0.0",
        "@angular/ssr": "^21.2.7",
        "@web/test-runner": "^0.20.0",
        "browser-sync": "^3.0.2",
        "jest": "^30.2.0",
        "jest-environment-jsdom": "^30.2.0",
        "karma": "^6.3.0",
        "ng-packagr": "^21.0.0",
        "protractor": "^7.0.0",
        "tailwindcss": "^2.0.0 || ^3.0.0 || ^4.0.0",
        "typescript": ">=5.9 <6.0"
      },
      "peerDependenciesMeta": {
        "@angular/core": {
          "optional": true
        },
        "@angular/localize": {
          "optional": true
        },
        "@angular/platform-browser": {
          "optional": true
        },
        "@angular/platform-server": {
          "optional": true
        },
        "@angular/service-worker": {
          "optional": true
        },
        "@angular/ssr": {
          "optional": true
        },
        "@web/test-runner": {
          "optional": true
        },
        "browser-sync": {
          "optional": true
        },
        "jest": {
          "optional": true
        },
        "jest-environment-jsdom": {
          "optional": true
        },
        "karma": {
          "optional": true
        },
        "ng-packagr": {
          "optional": true
        },
        "protractor": {
          "optional": true
        },
        "tailwindcss": {
          "optional": true
        }
      }
    },
    "node_modules/@angular-devkit/build-angular/node_modules/istanbul-lib-instrument": {
      "version": "6.0.3",
      "resolved": "https://registry.npmjs.org/istanbul-lib-instrument/-/istanbul-lib-instrument-6.0.3.tgz",
      "integrity": "sha512-Vtgk7L/R2JHyyGW07spoFlB8/lpjiOLTjMdms6AFMraYt3BaJauod/NGrfnVG/y4Ix1JEuMRPDPEj2ua+zz1/Q==",
      "dev": true,
      "license": "BSD-3-Clause",
      "dependencies": {
        "@babel/core": "^7.23.9",
        "@babel/parser": "^7.23.9",
        "@istanbuljs/schema": "^0.1.3",
        "istanbul-lib-coverage": "^3.2.0",
        "semver": "^7.5.4"
      },
      "engines": {
        "node": ">=10"
      }
    },
    "node_modules/@angular-devkit/build-angular/node_modules/picomatch": {
      "version": "4.0.4",
      "resolved": "https://registry.npmjs.org/picomatch/-/picomatch-4.0.4.tgz",
      "integrity": "sha512-QP88BAKvMam/3NxH6vj2o21R6MjxZUAd6nlwAS/pnGvN9IVLocLHxGYIzFhg6fUQ+5th6P4dv4eW9jX3DSIj7A==",
      "dev": true,
      "license": "MIT",
      "engines": {
        "node": ">=12"
      },
      "funding": {
        "url": "https://github.com/sponsors/jonschlinkert"
      }
    },
    "node_modules/@angular-devkit/build-angular/node_modules/semver": {
      "version": "7.7.4",
      "resolved": "https://registry.npmjs.org/semver/-/semver-7.7.4.tgz",
      "integrity": "sha512-vFKC2IEtQnVhpT78h1Yp8wzwrf8CM+MzKMHGJZfBtzhZNycRFnXsHk6E5TxIkkMsgNS7mdX3AGB7x2QM2di4lA==",
      "dev": true,
      "license": "ISC",
      "bin": {
        "semver": "bin/semver.js"
      },
      "engines": {
        "node": ">=10"
      }
    },
    "node_modules/@angular-devkit/build-webpack": {
      "version": "0.2102.7",
      "resolved": "https://registry.npmjs.org/@angular-devkit/build-webpack/-/build-webpack-0.2102.7.tgz",
      "integrity": "sha512-EANoPney0B0SsbF5LVZvABDkxrSXw0nly7TmGrrV5UNmSLxhmF29IZ14vVGyy7En/zJHOIlQAP7YI39PdtYxqg==",
      "dev": true,
      "license": "MIT",
      "dependencies": {
        "@angular-devkit/architect": "0.2102.7",
        "rxjs": "7.8.2"
      },
      "engines": {
        "node": "^20.19.0 || ^22.12.0 || >=24.0.0",
        "npm": "^6.11.0 || ^7.5.6 || >=8.0.0",
        "yarn": ">= 1.13.0"
      },
      "peerDependencies": {
        "webpack": "^5.30.0",
        "webpack-dev-server": "^5.0.2"
      }
    },
    "node_modules/@angular-devkit/core": {
      "version": "21.2.7",
      "resolved": "https://registry.npmjs.org/@angular-devkit/core/-/core-21.2.7.tgz",
      "integrity": "sha512-DONYY5u4IENO2qpd23mODaE4JI2EIohWV1kuJnsU9HIcm5wN714QB2z9WY/s4gLfUiAMIUu/8lpnW/0kOQZAnQ==",
      "dev": true,
      "license": "MIT",
      "dependencies": {
        "ajv": "8.18.0",
        "ajv-formats": "3.0.1",
        "jsonc-parser": "3.3.1",
        "picomatch": "4.0.4",
        "rxjs": "7.8.2",
        "source-map": "0.7.6"
      },
      "engines": {
        "node": "^20.19.0 || ^22.12.0 || >=24.0.0",
        "npm": "^6.11.0 || ^7.5.6 || >=8.0.0",
        "yarn": ">= 1.13.0"
      },
      "peerDependencies": {
        "chokidar": "^5.0.0"
      },
      "peerDependenciesMeta": {
        "chokidar": {
          "optional": true
        }
      }
    },
    "node_modules/@angular-devkit/core/node_modules/ajv-formats": {
      "version": "3.0.1",
      "resolved": "https://registry.npmjs.org/ajv-formats/-/ajv-formats-3.0.1.tgz",
      "integrity": "sha512-8iUql50EUR+uUcdRQ3HDqa6EVyo3docL8g5WJ3FNcWmu62IbkGUue/pEyLBW8VGKKucTPgqeks4fIU1DA4yowQ==",
      "dev": true,
      "license": "MIT",
      "dependencies": {
        "ajv": "^8.0.0"
      },
      "peerDependencies": {
        "ajv": "^8.0.0"
      },
      "peerDependenciesMeta": {
        "ajv": {
          "optional": true
        }
      }
    },
    "node_modules/@angular-devkit/core/node_modules/picomatch": {
      "version": "4.0.4",
      "resolved": "https://registry.npmjs.org/picomatch/-/picomatch-4.0.4.tgz",
      "integrity": "sha512-QP88BAKvMam/3NxH6vj2o21R6MjxZUAd6nlwAS/pnGvN9IVLocLHxGYIzFhg6fUQ+5th6P4dv4eW9jX3DSIj7A==",
      "dev": true,
      "license": "MIT",
      "engines": {
        "node": ">=12"
      },
      "funding": {
        "url": "https://github.com/sponsors/jonschlinkert"
      }
    },
    "node_modules/@angular-devkit/schematics": {
      "version": "21.2.7",
      "resolved": "https://registry.npmjs.org/@angular-devkit/schematics/-/schematics-21.2.7.tgz",
      "integrity": "sha512-LYAjjUI1qM7pR/sd0yYt8OLA6ljOOXjcfzV40I5XQNmhAxq90YYS5xwMcixOmWX+z5zvCYGvPXvJGWjzio6SUg==",
      "dev": true,
      "license": "MIT",
      "dependencies": {
        "@angular-devkit/core": "21.2.7",
        "jsonc-parser": "3.3.1",
        "magic-string": "0.30.21",
        "ora": "9.3.0",
        "rxjs": "7.8.2"
      },
      "engines": {
        "node": "^20.19.0 || ^22.12.0 || >=24.0.0",
        "npm": "^6.11.0 || ^7.5.6 || >=8.0.0",
        "yarn": ">= 1.13.0"
      }
    },
    "node_modules/@angular/animations": {
      "version": "21.2.8",
      "resolved": "https://registry.npmjs.org/@angular/animations/-/animations-21.2.8.tgz",
      "integrity": "sha512-RIqfVmfretQ0x/mXgMXe7Bw0Tpe8+zBV/Mm2OaNVyrmNG+9gYItEn5t/ZnQGcPD5nMNqckgp3+4/ZMc/qkS5ww==",
      "license": "MIT",
      "dependencies": {
        "tslib": "^2.3.0"
      },
      "engines": {
        "node": "^20.19.0 || ^22.12.0 || >=24.0.0"
      },
      "peerDependencies": {
        "@angular/core": "21.2.8"
      }
    },
    "node_modules/@angular/build": {
      "version": "21.2.7",
      "resolved": "https://registry.npmjs.org/@angular/build/-/build-21.2.7.tgz",
      "integrity": "sha512-FpSkFqpsJtdN1cROekVYkmeV1QepdP+/d7fyYQEuNmlOlyqXSDh9qJmy4iL9VNbAU0rk+vFCtYM86rO7Pt9cSw==",
      "dev": true,
      "license": "MIT",
      "dependencies": {
        "@ampproject/remapping": "2.3.0",
        "@angular-devkit/architect": "0.2102.7",
        "@babel/core": "7.29.0",
        "@babel/helper-annotate-as-pure": "7.27.3",
        "@babel/helper-split-export-declaration": "7.24.7",
        "@inquirer/confirm": "5.1.21",
        "@vitejs/plugin-basic-ssl": "2.1.4",
        "beasties": "0.4.1",
        "browserslist": "^4.26.0",
        "esbuild": "0.27.3",
        "https-proxy-agent": "7.0.6",
        "istanbul-lib-instrument": "6.0.3",
        "jsonc-parser": "3.3.1",
        "listr2": "9.0.5",
        "magic-string": "0.30.21",
        "mrmime": "2.0.1",
        "parse5-html-rewriting-stream": "8.0.0",
        "picomatch": "4.0.4",
        "piscina": "5.1.4",
        "rolldown": "1.0.0-rc.4",
        "sass": "1.97.3",
        "semver": "7.7.4",
        "source-map-support": "0.5.21",
        "tinyglobby": "0.2.15",
        "undici": "7.24.4",
        "vite": "7.3.2",
        "watchpack": "2.5.1"
      },
	  
      "engines": {
        "node": "^20.19.0 || ^22.12.0 || >=24.0.0",
        "npm": "^6.11.0 || ^7.5.6 || >=8.0.0",
        "yarn": ">= 1.13.0"
      },
      "optionalDependencies": {
        "lmdb": "3.5.1"
      },
      "peerDependencies": {
        "@angular/compiler": "^21.0.0",
        "@angular/compiler-cli": "^21.0.0",
        "@angular/core": "^21.0.0",
        "@angular/localize": "^21.0.0",
        "@angular/platform-browser": "^21.0.0",
        "@angular/platform-server": "^21.0.0",
        "@angular/service-worker": "^21.0.0",
        "@angular/ssr": "^21.2.7",
        "karma": "^6.4.0",
        "less": "^4.2.0",
        "ng-packagr": "^21.0.0",
        "postcss": "^8.4.0",
        "tailwindcss": "^2.0.0 || ^3.0.0 || ^4.0.0",
        "tslib": "^2.3.0",
        "typescript": ">=5.9 <6.0",
        "vitest": "^4.0.8"
      },
      "peerDependenciesMeta": {
        "@angular/core": {
          "optional": true
        },
        "@angular/localize": {
          "optional": true
        },
        "@angular/platform-browser": {
          "optional": true
        },
        "@angular/platform-server": {
          "optional": true
        },
        "@angular/service-worker": {
          "optional": true
        },
        "@angular/ssr": {
          "optional": true
        },
        "karma": {
          "optional": true
        },
        "less": {
          "optional": true
        },
        "ng-packagr": {
          "optional": true
        },
        "postcss": {
          "optional": true
        },
        "tailwindcss": {
          "optional": true
        },
        "vitest": {
          "optional": true
        }
      }
    },
    "node_modules/@angular/build/node_modules/istanbul-lib-instrument": {
      "version": "6.0.3",
      "resolved": "https://registry.npmjs.org/istanbul-lib-instrument/-/istanbul-lib-instrument-6.0.3.tgz",
      "integrity": "sha512-Vtgk7L/R2JHyyGW07spoFlB8/lpjiOLTjMdms6AFMraYt3BaJauod/NGrfnVG/y4Ix1JEuMRPDPEj2ua+zz1/Q==",
      "dev": true,
      "license": "BSD-3-Clause",
      "dependencies": {
        "@babel/core": "^7.23.9",
        "@babel/parser": "^7.23.9",
        "@istanbuljs/schema": "^0.1.3",
        "istanbul-lib-coverage": "^3.2.0",
        "semver": "^7.5.4"
      },
      "engines": {
        "node": ">=10"
      }
    },
    "node_modules/@angular/build/node_modules/picomatch": {
      "version": "4.0.4",
      "resolved": "https://registry.npmjs.org/picomatch/-/picomatch-4.0.4.tgz",
      "integrity": "sha512-QP88BAKvMam/3NxH6vj2o21R6MjxZUAd6nlwAS/pnGvN9IVLocLHxGYIzFhg6fUQ+5th6P4dv4eW9jX3DSIj7A==",
      "dev": true,
      "license": "MIT",
      "engines": {
        "node": ">=12"
      },
      "funding": {
        "url": "https://github.com/sponsors/jonschlinkert"
      }
    },
    "node_modules/@angular/build/node_modules/semver": {
      "version": "7.7.4",
      "resolved": "https://registry.npmjs.org/semver/-/semver-7.7.4.tgz",
      "integrity": "sha512-vFKC2IEtQnVhpT78h1Yp8wzwrf8CM+MzKMHGJZfBtzhZNycRFnXsHk6E5TxIkkMsgNS7mdX3AGB7x2QM2di4lA==",
      "dev": true,
      "license": "ISC",
      "bin": {
        "semver": "bin/semver.js"
      },
      "engines": {
        "node": ">=10"
      }
    },
    "node_modules/@angular/cdk": {
      "version": "21.2.6",
      "resolved": "https://registry.npmjs.org/@angular/cdk/-/cdk-21.2.6.tgz",
      "integrity": "sha512-1PBzFf+um/VZ1dFF6cT72Zsq+9C/ZWF9m5dP0uHJgo4psX3yMBoZlZu5YomBiAQ/ePSkqCuryv1vrelK+yd3Mw==",
      "license": "MIT",
      "dependencies": {
        "parse5": "^8.0.0",
        "tslib": "^2.3.0"
      },
      "peerDependencies": {
        "@angular/common": "^21.0.0 || ^22.0.0",
        "@angular/core": "^21.0.0 || ^22.0.0",
        "@angular/platform-browser": "^21.0.0 || ^22.0.0",
        "rxjs": "^6.5.3 || ^7.4.0"
      }
    },
    "node_modules/@angular/cli": {
      "version": "21.2.7",
      "resolved": "https://registry.npmjs.org/@angular/cli/-/cli-21.2.7.tgz",
      "integrity": "sha512-N/wj8fFRB718efIFYpwnYfy+MecZREZXsUNMTVndFLH6T0jCheb9PVetR6jsyZp6h46USNPOmJYJ/9255lME+Q==",
      "dev": true,
      "license": "MIT",
      "dependencies": {
        "@angular-devkit/architect": "0.2102.7",
        "@angular-devkit/core": "21.2.7",
        "@angular-devkit/schematics": "21.2.7",
        "@inquirer/prompts": "7.10.1",
        "@listr2/prompt-adapter-inquirer": "3.0.5",
        "@modelcontextprotocol/sdk": "1.26.0",
        "@schematics/angular": "21.2.7",
        "@yarnpkg/lockfile": "1.1.0",
        "algoliasearch": "5.48.1",
        "ini": "6.0.0",
        "jsonc-parser": "3.3.1",
        "listr2": "9.0.5",
        "npm-package-arg": "13.0.2",
        "pacote": "21.3.1",
        "parse5-html-rewriting-stream": "8.0.0",
        "semver": "7.7.4",
        "yargs": "18.0.0",
        "zod": "4.3.6"
      },
      "bin": {
        "ng": "bin/ng.js"
      },
      "engines": {
        "node": "^20.19.0 || ^22.12.0 || >=24.0.0",
        "npm": "^6.11.0 || ^7.5.6 || >=8.0.0",
        "yarn": ">= 1.13.0"
      }
    },
    "node_modules/@angular/cli/node_modules/semver": {
      "version": "7.7.4",
      "resolved": "https://registry.npmjs.org/semver/-/semver-7.7.4.tgz",
      "integrity": "sha512-vFKC2IEtQnVhpT78h1Yp8wzwrf8CM+MzKMHGJZfBtzhZNycRFnXsHk6E5TxIkkMsgNS7mdX3AGB7x2QM2di4lA==",
      "dev": true,
      "license": "ISC",
      "bin": {
        "semver": "bin/semver.js"
      },
      "engines": {
        "node": ">=10"
      }
    },
    "node_modules/@angular/common": {
      "version": "21.2.8",
      "resolved": "https://registry.npmjs.org/@angular/common/-/common-21.2.8.tgz",
      "integrity": "sha512-ZvgcxsLPkSG0B1jc2ZXshAWIFBoQ0U9uwIX/zG/RGcfMpoKyEDNAebli6FTIpxIlz/35rtBNV7EGPhinjPTJFQ==",
      "license": "MIT",
      "dependencies": {
        "tslib": "^2.3.0"
      },
      "engines": {
        "node": "^20.19.0 || ^22.12.0 || >=24.0.0"
      },
      "peerDependencies": {
        "@angular/core": "21.2.8",
        "rxjs": "^6.5.3 || ^7.4.0"
      }
    },
    "node_modules/@angular/compiler": {
      "version": "21.2.8",
      "resolved": "https://registry.npmjs.org/@angular/compiler/-/compiler-21.2.8.tgz",
      "integrity": "sha512-Il9KlT6qX8rWmun5jY6wMLx56bCQZpOVIFEyHM4ai2wmxvbqyxgRFKDs4iMRNn1h04Tgupl6cKSqP9lecIvH6w==",
      "license": "MIT",
      "dependencies": {
        "tslib": "^2.3.0"
      },
      "engines": {
        "node": "^20.19.0 || ^22.12.0 || >=24.0.0"
      }
    },
    "node_modules/@angular/compiler-cli": {
      "version": "21.2.8",
      "resolved": "https://registry.npmjs.org/@angular/compiler-cli/-/compiler-cli-21.2.8.tgz",
      "integrity": "sha512-S0W+6QazCsn/4xWZu0V5VmU9zmKIlqFR2FJSsAQUPReVmpA40SuQSP6A/cyMVIMYaHvO/cAXSHJVgpxBzBSL/Q==",
      "dev": true,
      "license": "MIT",
      "dependencies": {
        "@babel/core": "7.29.0",
        "@jridgewell/sourcemap-codec": "^1.4.14",
        "chokidar": "^5.0.0",
        "convert-source-map": "^1.5.1",
        "reflect-metadata": "^0.2.0",
        "semver": "^7.0.0",
        "tslib": "^2.3.0",
        "yargs": "^18.0.0"
      },
      "bin": {
        "ng-xi18n": "bundles/src/bin/ng_xi18n.js",
        "ngc": "bundles/src/bin/ngc.js"
      },
      "engines": {
        "node": "^20.19.0 || ^22.12.0 || >=24.0.0"
      },
      "peerDependencies": {
        "@angular/compiler": "21.2.8",
        "typescript": ">=5.9 <6.1"
      },
      "peerDependenciesMeta": {
        "typescript": {
          "optional": true
        }
      }
    },
    "node_modules/@angular/compiler-cli/node_modules/chokidar": {
      "version": "5.0.0",
      "resolved": "https://registry.npmjs.org/chokidar/-/chokidar-5.0.0.tgz",
      "integrity": "sha512-TQMmc3w+5AxjpL8iIiwebF73dRDF4fBIieAqGn9RGCWaEVwQ6Fb2cGe31Yns0RRIzii5goJ1Y7xbMwo1TxMplw==",
      "dev": true,
      "license": "MIT",
      "dependencies": {
        "readdirp": "^5.0.0"
      },
      "engines": {
        "node": ">= 20.19.0"
      },
      "funding": {
        "url": "https://paulmillr.com/funding/"
      }
    },
    "node_modules/@angular/compiler-cli/node_modules/readdirp": {
      "version": "5.0.0",
      "resolved": "https://registry.npmjs.org/readdirp/-/readdirp-5.0.0.tgz",
      "integrity": "sha512-9u/XQ1pvrQtYyMpZe7DXKv2p5CNvyVwzUB6uhLAnQwHMSgKMBR62lc7AHljaeteeHXn11XTAaLLUVZYVZyuRBQ==",
      "dev": true,
      "license": "MIT",
      "engines": {
        "node": ">= 20.19.0"
      },
      "funding": {
        "type": "individual",
        "url": "https://paulmillr.com/funding/"
      }
    },
    "node_modules/@angular/core": {
      "version": "21.2.8",
      "resolved": "https://registry.npmjs.org/@angular/core/-/core-21.2.8.tgz",
      "integrity": "sha512-hI7n4t8qgFJaVV55LIaNuzcdP+/IeuqQRu3huSLo47Gf6uZAD0Acj4Ye9SC8YNmhUu5/RiImngm9NOlcI2oCJA==",
      "license": "MIT",
      "dependencies": {
        "tslib": "^2.3.0"
      },
      "engines": {
        "node": "^20.19.0 || ^22.12.0 || >=24.0.0"
      },
      "peerDependencies": {
        "@angular/compiler": "21.2.8",
        "rxjs": "^6.5.3 || ^7.4.0",
        "zone.js": "~0.15.0 || ~0.16.0"
      },
      "peerDependenciesMeta": {
        "@angular/compiler": {
          "optional": true
        },
        "zone.js": {
          "optional": true
        }
      }
    },
    "node_modules/@angular/forms": {
      "version": "21.2.8",
      "resolved": "https://registry.npmjs.org/@angular/forms/-/forms-21.2.8.tgz",
      "integrity": "sha512-tyQAHjfMHcqETRkKQaZHjYqIK9W8uRenPpY2DF/Jl+S7CwcaX4T8t8TKgzvTynNzQW9QGiLg0pqVosVMKzBXJg==",
      "license": "MIT",
      "dependencies": {
        "@standard-schema/spec": "^1.0.0",
        "tslib": "^2.3.0"
      },
      "engines": {
        "node": "^20.19.0 || ^22.12.0 || >=24.0.0"
      },
      "peerDependencies": {
        "@angular/common": "21.2.8",
        "@angular/core": "21.2.8",
        "@angular/platform-browser": "21.2.8",
        "rxjs": "^6.5.3 || ^7.4.0"
      }
    },
    "node_modules/@angular/material": {
      "version": "21.2.6",
      "resolved": "https://registry.npmjs.org/@angular/material/-/material-21.2.6.tgz",
      "integrity": "sha512-V4hblb5ekgXb5x+UXKRs2yiB0hZUkUJbYwGseMglkCeWQlLM4u6amlsUzP4uOwIWFOkM/ZYl9qz4YGZnvMAyjw==",
      "license": "MIT",
      "dependencies": {
        "tslib": "^2.3.0"
      },
      "peerDependencies": {
        "@angular/cdk": "21.2.6",
        "@angular/common": "^21.0.0 || ^22.0.0",
        "@angular/core": "^21.0.0 || ^22.0.0",
        "@angular/forms": "^21.0.0 || ^22.0.0",
        "@angular/platform-browser": "^21.0.0 || ^22.0.0",
        "rxjs": "^6.5.3 || ^7.4.0"
      }
    },
    "node_modules/@angular/platform-browser": {
      "version": "21.2.8",
      "resolved": "https://registry.npmjs.org/@angular/platform-browser/-/platform-browser-21.2.8.tgz",
      "integrity": "sha512-4fwmGf7GCuIsjFqx1gqqWC92YjlN9SmGJO17TPPsOm5zUOnDx+h3Bj9XjdXxlcBtugTb2xHk6Auqyv3lzWGlkw==",
      "license": "MIT",
      "dependencies": {
        "tslib": "^2.3.0"
      },
      "engines": {
        "node": "^20.19.0 || ^22.12.0 || >=24.0.0"
      },
      "peerDependencies": {
        "@angular/animations": "21.2.8",
        "@angular/common": "21.2.8",
        "@angular/core": "21.2.8"
      },
      "peerDependenciesMeta": {
        "@angular/animations": {
          "optional": true
        }
      }
    },
    "node_modules/@angular/platform-browser-dynamic": {
      "version": "21.2.8",
      "resolved": "https://registry.npmjs.org/@angular/platform-browser-dynamic/-/platform-browser-dynamic-21.2.8.tgz",
      "integrity": "sha512-9XeplSHsKnLDm14dvwXG00Ox6WbDrhf7ub7MxxcJ6gCgRm/yqJ3Vrz4a+NBpYnelapqiCCGEdHeyx2xt8vG1qA==",
      "license": "MIT",
      "dependencies": {
        "tslib": "^2.3.0"
      },
      "engines": {
        "node": "^20.19.0 || ^22.12.0 || >=24.0.0"
      },
      "peerDependencies": {
        "@angular/common": "21.2.8",
        "@angular/compiler": "21.2.8",
        "@angular/core": "21.2.8",
        "@angular/platform-browser": "21.2.8"
      }
    },
    "node_modules/@angular/router": {
      "version": "21.2.8",
      "resolved": "https://registry.npmjs.org/@angular/router/-/router-21.2.8.tgz",
      "integrity": "sha512-KSlUbFHHKY84G6iKlB2FDMmh+lLmGjmpyT1p/kx8qZm1BuxJGOOU+oNgkCfaPJT1R2/muDXuxQ51uc/la6y28g==",
      "license": "MIT",
      "dependencies": {
        "tslib": "^2.3.0"
      },
      "engines": {
        "node": "^20.19.0 || ^22.12.0 || >=24.0.0"
      },
      "peerDependencies": {
        "@angular/common": "21.2.8",
        "@angular/core": "21.2.8",
        "@angular/platform-browser": "21.2.8",
        "rxjs": "^6.5.3 || ^7.4.0"
      }
    },
    "node_modules/@babel/code-frame": {
      "version": "7.29.0",
      "resolved": "https://registry.npmjs.org/@babel/code-frame/-/code-frame-7.29.0.tgz",
      "integrity": "sha512-9NhCeYjq9+3uxgdtp20LSiJXJvN0FeCtNGpJxuMFZ1Kv3cWUNb6DOhJwUvcVCzKGR66cw4njwM6hrJLqgOwbcw==",
      "dev": true,
      "license": "MIT",
      "dependencies": {
        "@babel/helper-validator-identifier": "^7.28.5",
        "js-tokens": "^4.0.0",
        "picocolors": "^1.1.1"
      },
      "engines": {
        "node": ">=6.9.0"
      }
    },
    "node_modules/@babel/compat-data": {
      "version": "7.29.0",
      "resolved": "https://registry.npmjs.org/@babel/compat-data/-/compat-data-7.29.0.tgz",
      "integrity": "sha512-T1NCJqT/j9+cn8fvkt7jtwbLBfLC/1y1c7NtCeXFRgzGTsafi68MRv8yzkYSapBnFA6L3U2VSc02ciDzoAJhJg==",
      "dev": true,
      "license": "MIT",
      "engines": {
        "node": ">=6.9.0"
      }
    },
    "node_modules/@babel/core": {
      "version": "7.29.0",
      "resolved": "https://registry.npmjs.org/@babel/core/-/core-7.29.0.tgz",
      "integrity": "sha512-CGOfOJqWjg2qW/Mb6zNsDm+u5vFQ8DxXfbM09z69p5Z6+mE1ikP2jUXw+j42Pf1XTYED2Rni5f95npYeuwMDQA==",
      "dev": true,
      "license": "MIT",
      "dependencies": {
        "@babel/code-frame": "^7.29.0",
        "@babel/generator": "^7.29.0",
        "@babel/helper-compilation-targets": "^7.28.6",
        "@babel/helper-module-transforms": "^7.28.6",
        "@babel/helpers": "^7.28.6",
        "@babel/parser": "^7.29.0",
        "@babel/template": "^7.28.6",
        "@babel/traverse": "^7.29.0",
        "@babel/types": "^7.29.0",
        "@jridgewell/remapping": "^2.3.5",
        "convert-source-map": "^2.0.0",
        "debug": "^4.1.0",
        "gensync": "^1.0.0-beta.2",
        "json5": "^2.2.3",
        "semver": "^6.3.1"
      },
      "engines": {
        "node": ">=6.9.0"
      },
      "funding": {
        "type": "opencollective",
        "url": "https://opencollective.com/babel"
      }
    },
    "node_modules/@babel/core/node_modules/convert-source-map": {
      "version": "2.0.0",
      "resolved": "https://registry.npmjs.org/convert-source-map/-/convert-source-map-2.0.0.tgz",
      "integrity": "sha512-Kvp459HrV2FEJ1CAsi1Ku+MY3kasH19TFykTz2xWmMeq6bk2NU3XXvfJ+Q61m0xktWwt+1HSYf3JZsTms3aRJg==",
      "dev": true,
      "license": "MIT"
    },
    "node_modules/@babel/core/node_modules/semver": {
      "version": "6.3.1",
      "resolved": "https://registry.npmjs.org/semver/-/semver-6.3.1.tgz",
      "integrity": "sha512-BR7VvDCVHO+q2xBEWskxS6DJE1qRnb7DxzUrogb71CWoSficBxYsiAGd+Kl0mmq/MprG9yArRkyrQxTO6XjMzA==",
      "dev": true,
      "license": "ISC",
      "bin": {
        "semver": "bin/semver.js"
      }
    },
    "node_modules/@babel/generator": {
      "version": "7.29.1",
      "resolved": "https://registry.npmjs.org/@babel/generator/-/generator-7.29.1.tgz",
      "integrity": "sha512-qsaF+9Qcm2Qv8SRIMMscAvG4O3lJ0F1GuMo5HR/Bp02LopNgnZBC/EkbevHFeGs4ls/oPz9v+Bsmzbkbe+0dUw==",
      "dev": true,
      "license": "MIT",
      "dependencies": {
        "@babel/parser": "^7.29.0",
        "@babel/types": "^7.29.0",
        "@jridgewell/gen-mapping": "^0.3.12",
        "@jridgewell/trace-mapping": "^0.3.28",
        "jsesc": "^3.0.2"
      },
      "engines": {
        "node": ">=6.9.0"
      }
    },
    "node_modules/@babel/helper-annotate-as-pure": {
      "version": "7.27.3",
      "resolved": "https://registry.npmjs.org/@babel/helper-annotate-as-pure/-/helper-annotate-as-pure-7.27.3.tgz",
      "integrity": "sha512-fXSwMQqitTGeHLBC08Eq5yXz2m37E4pJX1qAU1+2cNedz/ifv/bVXft90VeSav5nFO61EcNgwr0aJxbyPaWBPg==",
      "dev": true,
      "license": "MIT",
      "dependencies": {
        "@babel/types": "^7.27.3"
      },
      "engines": {
        "node": ">=6.9.0"
      }
    },
    "node_modules/@babel/helper-compilation-targets": {
      "version": "7.28.6",
      "resolved": "https://registry.npmjs.org/@babel/helper-compilation-targets/-/helper-compilation-targets-7.28.6.tgz",
      "integrity": "sha512-JYtls3hqi15fcx5GaSNL7SCTJ2MNmjrkHXg4FSpOA/grxK8KwyZ5bubHsCq8FXCkua6xhuaaBit+3b7+VZRfcA==",
      "dev": true,
      "license": "MIT",
      "dependencies": {
        "@babel/compat-data": "^7.28.6",
        "@babel/helper-validator-option": "^7.27.1",
        "browserslist": "^4.24.0",
        "lru-cache": "^5.1.1",
        "semver": "^6.3.1"
      },