
Microsoft Visual Studio Solution File, Format Version 12.00
# Visual Studio Version 17
VisualStudioVersion = 17.11.35222.181
MinimumVisualStudioVersion = 10.0.40219.1
Project("{9A19103F-16F7-4668-BE54-9A1E7A4F7556}") = "WorkBoardServer", "WorkBoardServer\WorkBoardServer.csproj", "{63C55560-3283-4D00-AAAB-926E84D35F84}"
EndProject
Global
	GlobalSection(SolutionConfigurationPlatforms) = preSolution
		Debug|Any CPU = Debug|Any CPU
		Release|Any CPU = Release|Any CPU
	EndGlobalSection
	GlobalSection(ProjectConfigurationPlatforms) = postSolution
		{63C55560-3283-4D00-AAAB-926E84D35F84}.Debug|Any CPU.ActiveCfg = Debug|Any CPU
		{63C55560-3283-4D00-AAAB-926E84D35F84}.Debug|Any CPU.Build.0 = Debug|Any CPU
		{63C55560-3283-4D00-AAAB-926E84D35F84}.Release|Any CPU.ActiveCfg = Release|Any CPU
		{63C55560-3283-4D00-AAAB-926E84D35F84}.Release|Any CPU.Build.0 = Release|Any CPU
	EndGlobalSection
	GlobalSection(SolutionProperties) = preSolution
		HideSolutionNode = FALSE
	EndGlobalSection
	GlobalSection(ExtensibilityGlobals) = postSolution
		SolutionGuid = {6B958FDD-8F79-4114-A764-28ACB5D5168B}
	EndGlobalSection
EndGlobal
